
Microsoft Visual Studio Solution File, Format Version 12.00
# Visual Studio Version 17
VisualStudioVersion = 17.4.33122.133
MinimumVisualStudioVersion = 10.0.40219.1
Project("{FAE04EC0-301F-11D3-BF4B-00C04F79EFBC}") = "DBShoping", "DBShoping\DBShoping.csproj", "{5D829807-7EC9-41FE-A709-5C2A53B857D4}"
EndProject
Global
	GlobalSection(SolutionConfigurationPlatforms) = preSolution
		Debug|Any CPU = Debug|Any CPU
		Release|Any CPU = Release|Any CPU
	EndGlobalSection
	GlobalSection(ProjectConfigurationPlatforms) = postSolution
		{5D829807-7EC9-41FE-A709-5C2A53B857D4}.Debug|Any CPU.ActiveCfg = Debug|Any CPU
		{5D829807-7EC9-41FE-A709-5C2A53B857D4}.Debug|Any CPU.Build.0 = Debug|Any CPU
		{5D829807-7EC9-41FE-A709-5C2A53B857D4}.Release|Any CPU.ActiveCfg = Release|Any CPU
		{5D829807-7EC9-41FE-A709-5C2A53B857D4}.Release|Any CPU.Build.0 = Release|Any CPU
	EndGlobalSection
	GlobalSection(SolutionProperties) = preSolution
		HideSolutionNode = FALSE
	EndGlobalSection
	GlobalSection(ExtensibilityGlobals) = postSolution
		SolutionGuid = {C6FA1204-ACA8-4F1A-A25D-49A23786E8FD}
	EndGlobalSection
EndGlobal
